
Microsoft Visual Studio Solution File, Format Version 12.00
# Visual Studio Version 17
VisualStudioVersion = 17.5.002.0
MinimumVisualStudioVersion = 10.0.40219.1
Project("{9A19103F-16F7-4668-BE54-9A1E7A4F7556}") = "frontendnet", "frontendnet.csproj", "{A86FE61E-100E-4D03-85A5-4370DDFE493A}"
EndProject
Global
	GlobalSection(SolutionConfigurationPlatforms) = preSolution
		Debug|Any CPU = Debug|Any CPU
		Release|Any CPU = Release|Any CPU
	EndGlobalSection
	GlobalSection(ProjectConfigurationPlatforms) = postSolution
		{A86FE61E-100E-4D03-85A5-4370DDFE493A}.Debug|Any CPU.ActiveCfg = Debug|Any CPU
		{A86FE61E-100E-4D03-85A5-4370DDFE493A}.Debug|Any CPU.Build.0 = Debug|Any CPU
		{A86FE61E-100E-4D03-85A5-4370DDFE493A}.Release|Any CPU.ActiveCfg = Release|Any CPU
		{A86FE61E-100E-4D03-85A5-4370DDFE493A}.Release|Any CPU.Build.0 = Release|Any CPU
	EndGlobalSection
	GlobalSection(SolutionProperties) = preSolution
		HideSolutionNode = FALSE
	EndGlobalSection
	GlobalSection(ExtensibilityGlobals) = postSolution
		SolutionGuid = {1F91C666-54B7-4617-9D1C-0CD86C6D65C5}
	EndGlobalSection
EndGlobal
